
Microsoft Visual Studio Solution File, Format Version 12.00
# Visual Studio 15
VisualStudioVersion = 15.0.28307.489
MinimumVisualStudioVersion = 10.0.40219.1
Project("{9A19103F-16F7-4668-BE54-9A1E7A4F7556}") = "IsMatch.Api", "IsMatch.Api\IsMatch.Api.csproj", "{DC60837C-9A5D-4FEB-9D4F-0CC91EAF7027}"
EndProject
Project("{9A19103F-16F7-4668-BE54-9A1E7A4F7556}") = "IsMatch.Domain", "IsMatch.Domain\IsMatch.Domain.csproj", "{6AFA672F-893F-4FF3-AEAB-8A0660DF7C7F}"
EndProject
Project("{2150E333-8FDC-42A3-9474-1A3956D46DE8}") = "Solution Items", "Solution Items", "{53952BA5-AC33-4597-BBEB-FF0CFCE1B436}"
	ProjectSection(SolutionItems) = preProject
		..\README.md = ..\README.md
	EndProjectSection
EndProject
Global
	GlobalSection(SolutionConfigurationPlatforms) = preSolution
		Debug|Any CPU = Debug|Any CPU
		Release|Any CPU = Release|Any CPU
	EndGlobalSection
	GlobalSection(ProjectConfigurationPlatforms) = postSolution
		{DC60837C-9A5D-4FEB-9D4F-0CC91EAF7027}.Debug|Any CPU.ActiveCfg = Debug|Any CPU
		{DC60837C-9A5D-4FEB-9D4F-0CC91EAF7027}.Debug|Any CPU.Build.0 = Debug|Any CPU
		{DC60837C-9A5D-4FEB-9D4F-0CC91EAF7027}.Release|Any CPU.ActiveCfg = Release|Any CPU
		{DC60837C-9A5D-4FEB-9D4F-0CC91EAF7027}.Release|Any CPU.Build.0 = Release|Any CPU
		{6AFA672F-893F-4FF3-AEAB-8A0660DF7C7F}.Debug|Any CPU.ActiveCfg = Debug|Any CPU
		{6AFA672F-893F-4FF3-AEAB-8A0660DF7C7F}.Debug|Any CPU.Build.0 = Debug|Any CPU
		{6AFA672F-893F-4FF3-AEAB-8A0660DF7C7F}.Release|Any CPU.ActiveCfg = Release|Any CPU
		{6AFA672F-893F-4FF3-AEAB-8A0660DF7C7F}.Release|Any CPU.Build.0 = Release|Any CPU
	EndGlobalSection
	GlobalSection(SolutionProperties) = preSolution
		HideSolutionNode = FALSE
	EndGlobalSection
	GlobalSection(ExtensibilityGlobals) = postSolution
		SolutionGuid = {9C287572-F94C-4C85-A1CD-A593A2989B85}
	EndGlobalSection
EndGlobal
