
Microsoft Visual Studio Solution File, Format Version 12.00
# Visual Studio 15
VisualStudioVersion = 15.0.28307.489
MinimumVisualStudioVersion = 10.0.40219.1
Project("{FAE04EC0-301F-11D3-BF4B-00C04F79EFBC}") = "IsMatch.Api", "IsMatch.Api\IsMatch.Api.csproj", "{DC60837C-9A5D-4FEB-9D4F-0CC91EAF7027}"
EndProject
Project("{FAE04EC0-301F-11D3-BF4B-00C04F79EFBC}") = "IsMatch.Domain", "IsMatch.Domain\IsMatch.Domain.csproj", "{6AFA672F-893F-4FF3-AEAB-8A0660DF7C7F}"
EndProject
Global
	GlobalSection(SolutionConfigurationPlatforms) = preSolution
		Debug|Any CPU = Debug|Any CPU
		Release|Any CPU = Release|Any CPU
	EndGlobalSection
	GlobalSection(ProjectConfigurationPlatforms) = postSolution
		{DC60837C-9A5D-4FEB-9D4F-0CC91EAF7027}.Debug|Any CPU.ActiveCfg = Debug|Any CPU
		{DC60837C-9A5D-4FEB-9D4F-0CC91EAF7027}.Debug|Any CPU.Build.0 = Debug|Any CPU
		{DC60837C-9A5D-4FEB-9D4F-0CC91EAF7027}.Release|Any CPU.ActiveCfg = Release|Any CPU
		{DC60837C-9A5D-4FEB-9D4F-0CC91EAF7027}.Release|Any CPU.Build.0 = Release|Any CPU
		{6AFA672F-893F-4FF3-AEAB-8A0660DF7C7F}.Debug|Any CPU.ActiveCfg = Debug|Any CPU
		{6AFA672F-893F-4FF3-AEAB-8A0660DF7C7F}.Debug|Any CPU.Build.0 = Debug|Any CPU
		{6AFA672F-893F-4FF3-AEAB-8A0660DF7C7F}.Release|Any CPU.ActiveCfg = Release|Any CPU
		{6AFA672F-893F-4FF3-AEAB-8A0660DF7C7F}.Release|Any CPU.Build.0 = Release|Any CPU
	EndGlobalSection
	GlobalSection(SolutionProperties) = preSolution
		HideSolutionNode = FALSE
	EndGlobalSection
	GlobalSection(ExtensibilityGlobals) = postSolution
		SolutionGuid = {9C287572-F94C-4C85-A1CD-A593A2989B85}
	EndGlobalSection
EndGlobal
